
Microsoft Visual Studio Solution File, Format Version 12.00
Project("{FAE04EC0-301F-11D3-BF4B-00C04F79EFBC}") = "Innkeep.DI", "Innkeep.DI\Innkeep.DI.csproj", "{F23C01D4-2370-46DF-BBE7-B0E39E26D729}"
EndProject
Project("{2150E333-8FDC-42A3-9474-1A3956D46DE8}") = "Tests", "Tests", "{385CCCCE-639D-431D-8CAF-0BCE68129303}"
EndProject
Project("{FAE04EC0-301F-11D3-BF4B-00C04F79EFBC}") = "Innkeep.Data.Tests", "Innkeep.Data.Tests\Innkeep.Data.Tests.csproj", "{6499CB19-F14A-4CF6-95D6-3AD95B805777}"
EndProject
Project("{FAE04EC0-301F-11D3-BF4B-00C04F79EFBC}") = "Innkeep.Core", "Innkeep.Core\Innkeep.Core.csproj", "{F4AFE62B-6D3C-40CD-A191-EFEA3E326826}"
EndProject
Project("{2150E333-8FDC-42A3-9474-1A3956D46DE8}") = "WebUi", "WebUi", "{EF1BD89A-0099-4550-94E6-7946D358EDA4}"
EndProject
Project("{FAE04EC0-301F-11D3-BF4B-00C04F79EFBC}") = "Innkeep.Client.WebUi", "Innkeep.Client.WebUi\Innkeep.Client.WebUi.csproj", "{AA212DAD-F2BC-4F8E-9FEE-A7991C2B4857}"
EndProject
Project("{FAE04EC0-301F-11D3-BF4B-00C04F79EFBC}") = "Innkeep.Printer", "Innkeep.Printer\Innkeep.Printer.csproj", "{4772204C-5C27-474D-9463-F15408BDD92B}"
EndProject
Project("{FAE04EC0-301F-11D3-BF4B-00C04F79EFBC}") = "Innkeep.Printer.Tests", "Innkeep.Printer.Tests\Innkeep.Printer.Tests.csproj", "{EE4F940C-4AC1-49BE-AB71-2D477860A406}"
EndProject
Project("{FAE04EC0-301F-11D3-BF4B-00C04F79EFBC}") = "Innkeep.Server.WebUi", "Innkeep.Server.WebUi\Innkeep.Server.WebUi.csproj", "{5BB6AF2B-2040-42E2-B13A-BAA6FC007E42}"
EndProject
Project("{2150E333-8FDC-42A3-9474-1A3956D46DE8}") = "Data", "Data", "{64D4538E-D9F3-4119-910A-1908DE63615D}"
EndProject
Project("{FAE04EC0-301F-11D3-BF4B-00C04F79EFBC}") = "Innkeep.Server.Data", "Innkeep.Server.Data\Innkeep.Server.Data.csproj", "{2528E7C3-835B-4FEB-B5A8-2AC7A57156F1}"
EndProject
Project("{2150E333-8FDC-42A3-9474-1A3956D46DE8}") = "API", "API", "{5DB82360-52FE-44E4-977C-58D64C4304EA}"
EndProject
Project("{FAE04EC0-301F-11D3-BF4B-00C04F79EFBC}") = "Innkeep.Server.Controllers", "Innkeep.Server.Controllers\Innkeep.Server.Controllers.csproj", "{85C58B80-B913-45B7-8EBB-9158F3F5812B}"
EndProject
Project("{FAE04EC0-301F-11D3-BF4B-00C04F79EFBC}") = "Innkeep.Api.Pretix.Legacy", "Innkeep.Api.Pretix.Legacy\Innkeep.Api.Pretix.Legacy.csproj", "{CFBD32B8-34CF-45C8-9ADC-17C727E4E714}"
EndProject
Project("{2150E333-8FDC-42A3-9474-1A3956D46DE8}") = "Services", "Services", "{F0DC0218-6BDD-4BF8-869B-1D0574A10067}"
EndProject
Project("{9A19103F-16F7-4668-BE54-9A1E7A4F7556}") = "_build", "..\..\build\_build.csproj", "{BDADFE3F-03E1-4891-AF2D-F8C9B8339EE7}"
EndProject
Project("{FAE04EC0-301F-11D3-BF4B-00C04F79EFBC}") = "Innkeep.Api.Fiskaly", "Innkeep.Api.Fiskaly\Innkeep.Api.Fiskaly.csproj", "{D5E0D491-5420-4F1E-B683-077E4E95103C}"
EndProject
Project("{2150E333-8FDC-42A3-9474-1A3956D46DE8}") = "Controllers", "Controllers", "{5440EE94-6503-4B77-B3F3-0883F3989121}"
EndProject
Project("{FAE04EC0-301F-11D3-BF4B-00C04F79EFBC}") = "Innkeep.Endpoints", "Innkeep.Endpoints\Innkeep.Endpoints.csproj", "{A41FAFA9-FF38-423F-9E8F-09F7289A6151}"
EndProject
Project("{FAE04EC0-301F-11D3-BF4B-00C04F79EFBC}") = "Innkeep.Server.Services", "Innkeep.Server.Services\Innkeep.Server.Services.csproj", "{69186A00-E4C7-47C0-A991-74A228741489}"
EndProject
Project("{2150E333-8FDC-42A3-9474-1A3956D46DE8}") = "Models", "Models", "{BDB8839F-9570-4B16-9422-904F1B470357}"
EndProject
Project("{FAE04EC0-301F-11D3-BF4B-00C04F79EFBC}") = "Innkeep.Models", "Innkeep.Models\Innkeep.Models.csproj", "{92E96948-2FC2-4DB7-8708-C6B62C4168DF}"
EndProject
Project("{FAE04EC0-301F-11D3-BF4B-00C04F79EFBC}") = "Innkeep.Client.Services", "Innkeep.Client.Services\Innkeep.Client.Services.csproj", "{F53F6514-9922-4402-9F32-8B8D7CB3D395}"
EndProject
Project("{FAE04EC0-301F-11D3-BF4B-00C04F79EFBC}") = "Innkeep.Api.Fiskaly.Tests", "Innkeep.Api.Fiskaly.Tests\Innkeep.Api.Fiskaly.Tests.csproj", "{312B4C39-004F-4AC6-8B81-E26BF90A0A57}"
EndProject
Project("{2150E333-8FDC-42A3-9474-1A3956D46DE8}") = "Converters", "Converters", "{057E5DF4-7D14-45C3-8A8D-2D5AD4E706E7}"
EndProject
Project("{FAE04EC0-301F-11D3-BF4B-00C04F79EFBC}") = "Innkeep.Json", "Innkeep.Json\Innkeep.Json.csproj", "{0365358C-26FC-492C-943F-0E6673285A42}"
EndProject
Project("{FAE04EC0-301F-11D3-BF4B-00C04F79EFBC}") = "Innkeep.Http", "Innkeep.Http\Innkeep.Http.csproj", "{517F78D4-C728-41AA-A138-2135AAF7BF49}"
EndProject
Project("{2150E333-8FDC-42A3-9474-1A3956D46DE8}") = "Ui", "Ui", "{1CB23AAC-5A42-461D-832D-5F94BBD08E1D}"
EndProject
Project("{2150E333-8FDC-42A3-9474-1A3956D46DE8}") = "Client", "Client", "{AA2A8FE3-537F-4EBD-AEE8-37C0EA19CA30}"
EndProject
Project("{FAE04EC0-301F-11D3-BF4B-00C04F79EFBC}") = "Innkeep.Client", "Innkeep.Client\Innkeep.Client.csproj", "{803ADD1A-B72E-4AB8-B4FD-25E90D63B01B}"
EndProject
Project("{2150E333-8FDC-42A3-9474-1A3956D46DE8}") = "Server", "Server", "{BB97250B-9758-4AB2-A4D6-3C539A46C16B}"
EndProject
Project("{FAE04EC0-301F-11D3-BF4B-00C04F79EFBC}") = "Innkeep.Server", "Innkeep.Server\Innkeep.Server.csproj", "{91C71DD8-F706-4479-975A-35B9C4C9CADE}"
EndProject
Project("{FAE04EC0-301F-11D3-BF4B-00C04F79EFBC}") = "Innkeep.Client.Ui", "Innkeep.Client.Ui\Innkeep.Client.Ui.csproj", "{CE8E9B1C-C6F7-44B8-B24F-ABE92E588057}"
EndProject
Project("{FAE04EC0-301F-11D3-BF4B-00C04F79EFBC}") = "Innkeep.Api", "Innkeep.Api\Innkeep.Api.csproj", "{66672701-315A-409C-9511-190C46D8B179}"
EndProject
Project("{FAE04EC0-301F-11D3-BF4B-00C04F79EFBC}") = "Innkeep.Api.Pretix", "Innkeep.Api.Pretix\Innkeep.Api.Pretix.csproj", "{BBD34A4A-C9D4-4F09-AF87-7DF1BA65C422}"
EndProject
Project("{FAE04EC0-301F-11D3-BF4B-00C04F79EFBC}") = "Innkeep.Api.Interfaces", "Innkeep.Api.Interfaces\Innkeep.Api.Interfaces.csproj", "{7BD36A42-7CA1-47A6-88F7-71E5D2E42A29}"
EndProject
Project("{FAE04EC0-301F-11D3-BF4B-00C04F79EFBC}") = "Innkeep.Api.Pretix.Tests", "Innkeep.Api.Pretix.Tests\Innkeep.Api.Pretix.Tests.csproj", "{2200E41E-E545-460B-B432-EBA15D4E1B94}"
EndProject
Project("{FAE04EC0-301F-11D3-BF4B-00C04F79EFBC}") = "Innkeep.Server.Ui", "Innkeep.Server.Ui\Innkeep.Server.Ui.csproj", "{949D0ED5-CB50-4B88-A8D8-2179FBEEB3E6}"
EndProject
Global
	GlobalSection(SolutionConfigurationPlatforms) = preSolution
		Debug|Any CPU = Debug|Any CPU
		Release|Any CPU = Release|Any CPU
	EndGlobalSection
	GlobalSection(ProjectConfigurationPlatforms) = postSolution
		{BDADFE3F-03E1-4891-AF2D-F8C9B8339EE7}.Debug|Any CPU.ActiveCfg = Debug|Any CPU
		{BDADFE3F-03E1-4891-AF2D-F8C9B8339EE7}.Release|Any CPU.ActiveCfg = Release|Any CPU
		{F23C01D4-2370-46DF-BBE7-B0E39E26D729}.Debug|Any CPU.ActiveCfg = Debug|Any CPU
		{F23C01D4-2370-46DF-BBE7-B0E39E26D729}.Debug|Any CPU.Build.0 = Debug|Any CPU
		{F23C01D4-2370-46DF-BBE7-B0E39E26D729}.Release|Any CPU.ActiveCfg = Release|Any CPU
		{F23C01D4-2370-46DF-BBE7-B0E39E26D729}.Release|Any CPU.Build.0 = Release|Any CPU
		{6499CB19-F14A-4CF6-95D6-3AD95B805777}.Debug|Any CPU.ActiveCfg = Debug|Any CPU
		{6499CB19-F14A-4CF6-95D6-3AD95B805777}.Debug|Any CPU.Build.0 = Debug|Any CPU
		{6499CB19-F14A-4CF6-95D6-3AD95B805777}.Release|Any CPU.ActiveCfg = Release|Any CPU
		{6499CB19-F14A-4CF6-95D6-3AD95B805777}.Release|Any CPU.Build.0 = Release|Any CPU
		{F4AFE62B-6D3C-40CD-A191-EFEA3E326826}.Debug|Any CPU.ActiveCfg = Debug|Any CPU
		{F4AFE62B-6D3C-40CD-A191-EFEA3E326826}.Debug|Any CPU.Build.0 = Debug|Any CPU
		{F4AFE62B-6D3C-40CD-A191-EFEA3E326826}.Release|Any CPU.ActiveCfg = Release|Any CPU
		{F4AFE62B-6D3C-40CD-A191-EFEA3E326826}.Release|Any CPU.Build.0 = Release|Any CPU
		{AA212DAD-F2BC-4F8E-9FEE-A7991C2B4857}.Debug|Any CPU.ActiveCfg = Debug|Any CPU
		{AA212DAD-F2BC-4F8E-9FEE-A7991C2B4857}.Debug|Any CPU.Build.0 = Debug|Any CPU
		{AA212DAD-F2BC-4F8E-9FEE-A7991C2B4857}.Release|Any CPU.ActiveCfg = Release|Any CPU
		{AA212DAD-F2BC-4F8E-9FEE-A7991C2B4857}.Release|Any CPU.Build.0 = Release|Any CPU
		{4772204C-5C27-474D-9463-F15408BDD92B}.Debug|Any CPU.ActiveCfg = Debug|Any CPU
		{4772204C-5C27-474D-9463-F15408BDD92B}.Debug|Any CPU.Build.0 = Debug|Any CPU
		{4772204C-5C27-474D-9463-F15408BDD92B}.Release|Any CPU.ActiveCfg = Release|Any CPU
		{4772204C-5C27-474D-9463-F15408BDD92B}.Release|Any CPU.Build.0 = Release|Any CPU
		{EE4F940C-4AC1-49BE-AB71-2D477860A406}.Debug|Any CPU.ActiveCfg = Debug|Any CPU
		{EE4F940C-4AC1-49BE-AB71-2D477860A406}.Debug|Any CPU.Build.0 = Debug|Any CPU
		{EE4F940C-4AC1-49BE-AB71-2D477860A406}.Release|Any CPU.ActiveCfg = Release|Any CPU
		{EE4F940C-4AC1-49BE-AB71-2D477860A406}.Release|Any CPU.Build.0 = Release|Any CPU
		{5BB6AF2B-2040-42E2-B13A-BAA6FC007E42}.Debug|Any CPU.ActiveCfg = Debug|Any CPU
		{5BB6AF2B-2040-42E2-B13A-BAA6FC007E42}.Debug|Any CPU.Build.0 = Debug|Any CPU
		{5BB6AF2B-2040-42E2-B13A-BAA6FC007E42}.Release|Any CPU.ActiveCfg = Release|Any CPU
		{5BB6AF2B-2040-42E2-B13A-BAA6FC007E42}.Release|Any CPU.Build.0 = Release|Any CPU
		{2528E7C3-835B-4FEB-B5A8-2AC7A57156F1}.Debug|Any CPU.ActiveCfg = Debug|Any CPU
		{2528E7C3-835B-4FEB-B5A8-2AC7A57156F1}.Debug|Any CPU.Build.0 = Debug|Any CPU
		{2528E7C3-835B-4FEB-B5A8-2AC7A57156F1}.Release|Any CPU.ActiveCfg = Release|Any CPU
		{2528E7C3-835B-4FEB-B5A8-2AC7A57156F1}.Release|Any CPU.Build.0 = Release|Any CPU
		{85C58B80-B913-45B7-8EBB-9158F3F5812B}.Debug|Any CPU.ActiveCfg = Debug|Any CPU
		{85C58B80-B913-45B7-8EBB-9158F3F5812B}.Debug|Any CPU.Build.0 = Debug|Any CPU
		{85C58B80-B913-45B7-8EBB-9158F3F5812B}.Release|Any CPU.ActiveCfg = Release|Any CPU
		{85C58B80-B913-45B7-8EBB-9158F3F5812B}.Release|Any CPU.Build.0 = Release|Any CPU
		{CFBD32B8-34CF-45C8-9ADC-17C727E4E714}.Debug|Any CPU.ActiveCfg = Debug|Any CPU
		{CFBD32B8-34CF-45C8-9ADC-17C727E4E714}.Debug|Any CPU.Build.0 = Debug|Any CPU
		{CFBD32B8-34CF-45C8-9ADC-17C727E4E714}.Release|Any CPU.ActiveCfg = Release|Any CPU
		{CFBD32B8-34CF-45C8-9ADC-17C727E4E714}.Release|Any CPU.Build.0 = Release|Any CPU
		{D5E0D491-5420-4F1E-B683-077E4E95103C}.Debug|Any CPU.ActiveCfg = Debug|Any CPU
		{D5E0D491-5420-4F1E-B683-077E4E95103C}.Debug|Any CPU.Build.0 = Debug|Any CPU
		{D5E0D491-5420-4F1E-B683-077E4E95103C}.Release|Any CPU.ActiveCfg = Release|Any CPU
		{D5E0D491-5420-4F1E-B683-077E4E95103C}.Release|Any CPU.Build.0 = Release|Any CPU
		{A41FAFA9-FF38-423F-9E8F-09F7289A6151}.Debug|Any CPU.ActiveCfg = Debug|Any CPU
		{A41FAFA9-FF38-423F-9E8F-09F7289A6151}.Debug|Any CPU.Build.0 = Debug|Any CPU
		{A41FAFA9-FF38-423F-9E8F-09F7289A6151}.Release|Any CPU.ActiveCfg = Release|Any CPU
		{A41FAFA9-FF38-423F-9E8F-09F7289A6151}.Release|Any CPU.Build.0 = Release|Any CPU
		{69186A00-E4C7-47C0-A991-74A228741489}.Debug|Any CPU.ActiveCfg = Debug|Any CPU
		{69186A00-E4C7-47C0-A991-74A228741489}.Debug|Any CPU.Build.0 = Debug|Any CPU
		{69186A00-E4C7-47C0-A991-74A228741489}.Release|Any CPU.ActiveCfg = Release|Any CPU
		{69186A00-E4C7-47C0-A991-74A228741489}.Release|Any CPU.Build.0 = Release|Any CPU
		{92E96948-2FC2-4DB7-8708-C6B62C4168DF}.Debug|Any CPU.ActiveCfg = Debug|Any CPU
		{92E96948-2FC2-4DB7-8708-C6B62C4168DF}.Debug|Any CPU.Build.0 = Debug|Any CPU
		{92E96948-2FC2-4DB7-8708-C6B62C4168DF}.Release|Any CPU.ActiveCfg = Release|Any CPU
		{92E96948-2FC2-4DB7-8708-C6B62C4168DF}.Release|Any CPU.Build.0 = Release|Any CPU
		{F53F6514-9922-4402-9F32-8B8D7CB3D395}.Debug|Any CPU.ActiveCfg = Debug|Any CPU
		{F53F6514-9922-4402-9F32-8B8D7CB3D395}.Debug|Any CPU.Build.0 = Debug|Any CPU
		{F53F6514-9922-4402-9F32-8B8D7CB3D395}.Release|Any CPU.ActiveCfg = Release|Any CPU
		{F53F6514-9922-4402-9F32-8B8D7CB3D395}.Release|Any CPU.Build.0 = Release|Any CPU
		{312B4C39-004F-4AC6-8B81-E26BF90A0A57}.Debug|Any CPU.ActiveCfg = Debug|Any CPU
		{312B4C39-004F-4AC6-8B81-E26BF90A0A57}.Debug|Any CPU.Build.0 = Debug|Any CPU
		{312B4C39-004F-4AC6-8B81-E26BF90A0A57}.Release|Any CPU.ActiveCfg = Release|Any CPU
		{312B4C39-004F-4AC6-8B81-E26BF90A0A57}.Release|Any CPU.Build.0 = Release|Any CPU
		{0365358C-26FC-492C-943F-0E6673285A42}.Debug|Any CPU.ActiveCfg = Debug|Any CPU
		{0365358C-26FC-492C-943F-0E6673285A42}.Debug|Any CPU.Build.0 = Debug|Any CPU
		{0365358C-26FC-492C-943F-0E6673285A42}.Release|Any CPU.ActiveCfg = Release|Any CPU
		{0365358C-26FC-492C-943F-0E6673285A42}.Release|Any CPU.Build.0 = Release|Any CPU
		{517F78D4-C728-41AA-A138-2135AAF7BF49}.Debug|Any CPU.ActiveCfg = Debug|Any CPU
		{517F78D4-C728-41AA-A138-2135AAF7BF49}.Debug|Any CPU.Build.0 = Debug|Any CPU
		{517F78D4-C728-41AA-A138-2135AAF7BF49}.Release|Any CPU.ActiveCfg = Release|Any CPU
		{517F78D4-C728-41AA-A138-2135AAF7BF49}.Release|Any CPU.Build.0 = Release|Any CPU
		{803ADD1A-B72E-4AB8-B4FD-25E90D63B01B}.Debug|Any CPU.ActiveCfg = Debug|Any CPU
		{803ADD1A-B72E-4AB8-B4FD-25E90D63B01B}.Debug|Any CPU.Build.0 = Debug|Any CPU
		{803ADD1A-B72E-4AB8-B4FD-25E90D63B01B}.Release|Any CPU.ActiveCfg = Release|Any CPU
		{803ADD1A-B72E-4AB8-B4FD-25E90D63B01B}.Release|Any CPU.Build.0 = Release|Any CPU
		{91C71DD8-F706-4479-975A-35B9C4C9CADE}.Debug|Any CPU.ActiveCfg = Debug|Any CPU
		{91C71DD8-F706-4479-975A-35B9C4C9CADE}.Debug|Any CPU.Build.0 = Debug|Any CPU
		{91C71DD8-F706-4479-975A-35B9C4C9CADE}.Release|Any CPU.ActiveCfg = Release|Any CPU
		{91C71DD8-F706-4479-975A-35B9C4C9CADE}.Release|Any CPU.Build.0 = Release|Any CPU
		{CE8E9B1C-C6F7-44B8-B24F-ABE92E588057}.Debug|Any CPU.ActiveCfg = Debug|Any CPU
		{CE8E9B1C-C6F7-44B8-B24F-ABE92E588057}.Debug|Any CPU.Build.0 = Debug|Any CPU
		{CE8E9B1C-C6F7-44B8-B24F-ABE92E588057}.Release|Any CPU.ActiveCfg = Release|Any CPU
		{CE8E9B1C-C6F7-44B8-B24F-ABE92E588057}.Release|Any CPU.Build.0 = Release|Any CPU
		{66672701-315A-409C-9511-190C46D8B179}.Debug|Any CPU.ActiveCfg = Debug|Any CPU
		{66672701-315A-409C-9511-190C46D8B179}.Debug|Any CPU.Build.0 = Debug|Any CPU
		{66672701-315A-409C-9511-190C46D8B179}.Release|Any CPU.ActiveCfg = Release|Any CPU
		{66672701-315A-409C-9511-190C46D8B179}.Release|Any CPU.Build.0 = Release|Any CPU
		{BBD34A4A-C9D4-4F09-AF87-7DF1BA65C422}.Debug|Any CPU.ActiveCfg = Debug|Any CPU
		{BBD34A4A-C9D4-4F09-AF87-7DF1BA65C422}.Debug|Any CPU.Build.0 = Debug|Any CPU
		{BBD34A4A-C9D4-4F09-AF87-7DF1BA65C422}.Release|Any CPU.ActiveCfg = Release|Any CPU
		{BBD34A4A-C9D4-4F09-AF87-7DF1BA65C422}.Release|Any CPU.Build.0 = Release|Any CPU
		{7BD36A42-7CA1-47A6-88F7-71E5D2E42A29}.Debug|Any CPU.ActiveCfg = Debug|Any CPU
		{7BD36A42-7CA1-47A6-88F7-71E5D2E42A29}.Debug|Any CPU.Build.0 = Debug|Any CPU
		{7BD36A42-7CA1-47A6-88F7-71E5D2E42A29}.Release|Any CPU.ActiveCfg = Release|Any CPU
		{7BD36A42-7CA1-47A6-88F7-71E5D2E42A29}.Release|Any CPU.Build.0 = Release|Any CPU
		{2200E41E-E545-460B-B432-EBA15D4E1B94}.Debug|Any CPU.ActiveCfg = Debug|Any CPU
		{2200E41E-E545-460B-B432-EBA15D4E1B94}.Debug|Any CPU.Build.0 = Debug|Any CPU
		{2200E41E-E545-460B-B432-EBA15D4E1B94}.Release|Any CPU.ActiveCfg = Release|Any CPU
		{2200E41E-E545-460B-B432-EBA15D4E1B94}.Release|Any CPU.Build.0 = Release|Any CPU
		{949D0ED5-CB50-4B88-A8D8-2179FBEEB3E6}.Debug|Any CPU.ActiveCfg = Debug|Any CPU
		{949D0ED5-CB50-4B88-A8D8-2179FBEEB3E6}.Debug|Any CPU.Build.0 = Debug|Any CPU
		{949D0ED5-CB50-4B88-A8D8-2179FBEEB3E6}.Release|Any CPU.ActiveCfg = Release|Any CPU
		{949D0ED5-CB50-4B88-A8D8-2179FBEEB3E6}.Release|Any CPU.Build.0 = Release|Any CPU
	EndGlobalSection
	GlobalSection(NestedProjects) = preSolution
		{6499CB19-F14A-4CF6-95D6-3AD95B805777} = {385CCCCE-639D-431D-8CAF-0BCE68129303}
		{AA212DAD-F2BC-4F8E-9FEE-A7991C2B4857} = {EF1BD89A-0099-4550-94E6-7946D358EDA4}
		{EE4F940C-4AC1-49BE-AB71-2D477860A406} = {385CCCCE-639D-431D-8CAF-0BCE68129303}
		{5BB6AF2B-2040-42E2-B13A-BAA6FC007E42} = {EF1BD89A-0099-4550-94E6-7946D358EDA4}
		{2528E7C3-835B-4FEB-B5A8-2AC7A57156F1} = {64D4538E-D9F3-4119-910A-1908DE63615D}
		{CFBD32B8-34CF-45C8-9ADC-17C727E4E714} = {5DB82360-52FE-44E4-977C-58D64C4304EA}
		{D5E0D491-5420-4F1E-B683-077E4E95103C} = {5DB82360-52FE-44E4-977C-58D64C4304EA}
		{85C58B80-B913-45B7-8EBB-9158F3F5812B} = {5440EE94-6503-4B77-B3F3-0883F3989121}
		{A41FAFA9-FF38-423F-9E8F-09F7289A6151} = {5DB82360-52FE-44E4-977C-58D64C4304EA}
		{69186A00-E4C7-47C0-A991-74A228741489} = {F0DC0218-6BDD-4BF8-869B-1D0574A10067}
		{92E96948-2FC2-4DB7-8708-C6B62C4168DF} = {BDB8839F-9570-4B16-9422-904F1B470357}
		{F53F6514-9922-4402-9F32-8B8D7CB3D395} = {F0DC0218-6BDD-4BF8-869B-1D0574A10067}
		{312B4C39-004F-4AC6-8B81-E26BF90A0A57} = {385CCCCE-639D-431D-8CAF-0BCE68129303}
		{0365358C-26FC-492C-943F-0E6673285A42} = {057E5DF4-7D14-45C3-8A8D-2D5AD4E706E7}
		{517F78D4-C728-41AA-A138-2135AAF7BF49} = {5440EE94-6503-4B77-B3F3-0883F3989121}
		{AA2A8FE3-537F-4EBD-AEE8-37C0EA19CA30} = {1CB23AAC-5A42-461D-832D-5F94BBD08E1D}
		{803ADD1A-B72E-4AB8-B4FD-25E90D63B01B} = {AA2A8FE3-537F-4EBD-AEE8-37C0EA19CA30}
		{BB97250B-9758-4AB2-A4D6-3C539A46C16B} = {1CB23AAC-5A42-461D-832D-5F94BBD08E1D}
		{91C71DD8-F706-4479-975A-35B9C4C9CADE} = {BB97250B-9758-4AB2-A4D6-3C539A46C16B}
		{CE8E9B1C-C6F7-44B8-B24F-ABE92E588057} = {AA2A8FE3-537F-4EBD-AEE8-37C0EA19CA30}
		{66672701-315A-409C-9511-190C46D8B179} = {5DB82360-52FE-44E4-977C-58D64C4304EA}
		{BBD34A4A-C9D4-4F09-AF87-7DF1BA65C422} = {5DB82360-52FE-44E4-977C-58D64C4304EA}
		{7BD36A42-7CA1-47A6-88F7-71E5D2E42A29} = {5DB82360-52FE-44E4-977C-58D64C4304EA}
		{2200E41E-E545-460B-B432-EBA15D4E1B94} = {385CCCCE-639D-431D-8CAF-0BCE68129303}
		{949D0ED5-CB50-4B88-A8D8-2179FBEEB3E6} = {BB97250B-9758-4AB2-A4D6-3C539A46C16B}
	EndGlobalSection
EndGlobal
