
Microsoft Visual Studio Solution File, Format Version 12.00
Project("{FAE04EC0-301F-11D3-BF4B-00C04F79EFBC}") = "Innkeep.DI", "Innkeep.DI\Innkeep.DI.csproj", "{F23C01D4-2370-46DF-BBE7-B0E39E26D729}"
EndProject
Project("{FAE04EC0-301F-11D3-BF4B-00C04F79EFBC}") = "Innkeep.Data", "Innkeep.Data\Innkeep.Data.csproj", "{5696811D-0CE9-4014-9DB2-6D31E6343861}"
EndProject
Project("{2150E333-8FDC-42A3-9474-1A3956D46DE8}") = "Tests", "Tests", "{385CCCCE-639D-431D-8CAF-0BCE68129303}"
EndProject
Project("{FAE04EC0-301F-11D3-BF4B-00C04F79EFBC}") = "Innkeep.Data.Tests", "Innkeep.Data.Tests\Innkeep.Data.Tests.csproj", "{6499CB19-F14A-4CF6-95D6-3AD95B805777}"
EndProject
Project("{FAE04EC0-301F-11D3-BF4B-00C04F79EFBC}") = "Innkeep.Core", "Innkeep.Core\Innkeep.Core.csproj", "{F4AFE62B-6D3C-40CD-A191-EFEA3E326826}"
EndProject
Project("{2150E333-8FDC-42A3-9474-1A3956D46DE8}") = "WebUi", "WebUi", "{EF1BD89A-0099-4550-94E6-7946D358EDA4}"
EndProject
Project("{FAE04EC0-301F-11D3-BF4B-00C04F79EFBC}") = "Innkeep.Client.WebUi", "Innkeep.Client.WebUi\Innkeep.Client.WebUi.csproj", "{AA212DAD-F2BC-4F8E-9FEE-A7991C2B4857}"
EndProject
Global
	GlobalSection(SolutionConfigurationPlatforms) = preSolution
		Debug|Any CPU = Debug|Any CPU
		Release|Any CPU = Release|Any CPU
	EndGlobalSection
	GlobalSection(ProjectConfigurationPlatforms) = postSolution
		{F23C01D4-2370-46DF-BBE7-B0E39E26D729}.Debug|Any CPU.ActiveCfg = Debug|Any CPU
		{F23C01D4-2370-46DF-BBE7-B0E39E26D729}.Debug|Any CPU.Build.0 = Debug|Any CPU
		{F23C01D4-2370-46DF-BBE7-B0E39E26D729}.Release|Any CPU.ActiveCfg = Release|Any CPU
		{F23C01D4-2370-46DF-BBE7-B0E39E26D729}.Release|Any CPU.Build.0 = Release|Any CPU
		{5696811D-0CE9-4014-9DB2-6D31E6343861}.Debug|Any CPU.ActiveCfg = Debug|Any CPU
		{5696811D-0CE9-4014-9DB2-6D31E6343861}.Debug|Any CPU.Build.0 = Debug|Any CPU
		{5696811D-0CE9-4014-9DB2-6D31E6343861}.Release|Any CPU.ActiveCfg = Release|Any CPU
		{5696811D-0CE9-4014-9DB2-6D31E6343861}.Release|Any CPU.Build.0 = Release|Any CPU
		{6499CB19-F14A-4CF6-95D6-3AD95B805777}.Debug|Any CPU.ActiveCfg = Debug|Any CPU
		{6499CB19-F14A-4CF6-95D6-3AD95B805777}.Debug|Any CPU.Build.0 = Debug|Any CPU
		{6499CB19-F14A-4CF6-95D6-3AD95B805777}.Release|Any CPU.ActiveCfg = Release|Any CPU
		{6499CB19-F14A-4CF6-95D6-3AD95B805777}.Release|Any CPU.Build.0 = Release|Any CPU
		{F4AFE62B-6D3C-40CD-A191-EFEA3E326826}.Debug|Any CPU.ActiveCfg = Debug|Any CPU
		{F4AFE62B-6D3C-40CD-A191-EFEA3E326826}.Debug|Any CPU.Build.0 = Debug|Any CPU
		{F4AFE62B-6D3C-40CD-A191-EFEA3E326826}.Release|Any CPU.ActiveCfg = Release|Any CPU
		{F4AFE62B-6D3C-40CD-A191-EFEA3E326826}.Release|Any CPU.Build.0 = Release|Any CPU
		{AA212DAD-F2BC-4F8E-9FEE-A7991C2B4857}.Debug|Any CPU.ActiveCfg = Debug|Any CPU
		{AA212DAD-F2BC-4F8E-9FEE-A7991C2B4857}.Debug|Any CPU.Build.0 = Debug|Any CPU
		{AA212DAD-F2BC-4F8E-9FEE-A7991C2B4857}.Release|Any CPU.ActiveCfg = Release|Any CPU
		{AA212DAD-F2BC-4F8E-9FEE-A7991C2B4857}.Release|Any CPU.Build.0 = Release|Any CPU
	EndGlobalSection
	GlobalSection(NestedProjects) = preSolution
		{6499CB19-F14A-4CF6-95D6-3AD95B805777} = {385CCCCE-639D-431D-8CAF-0BCE68129303}
		{AA212DAD-F2BC-4F8E-9FEE-A7991C2B4857} = {EF1BD89A-0099-4550-94E6-7946D358EDA4}
	EndGlobalSection
EndGlobal
