
Microsoft Visual Studio Solution File, Format Version 12.00
Project("{2150E333-8FDC-42A3-9474-1A3956D46DE8}") = "Tests", "Tests", "{385CCCCE-639D-431D-8CAF-0BCE68129303}"
EndProject
Project("{FAE04EC0-301F-11D3-BF4B-00C04F79EFBC}") = "Innkeep.Core", "Innkeep.Core\Innkeep.Core.csproj", "{F4AFE62B-6D3C-40CD-A191-EFEA3E326826}"
EndProject
Project("{FAE04EC0-301F-11D3-BF4B-00C04F79EFBC}") = "Innkeep.Printer", "Innkeep.Printer\Innkeep.Printer.csproj", "{4772204C-5C27-474D-9463-F15408BDD92B}"
EndProject
Project("{FAE04EC0-301F-11D3-BF4B-00C04F79EFBC}") = "Innkeep.Printer.Tests", "Innkeep.Printer.Tests\Innkeep.Printer.Tests.csproj", "{EE4F940C-4AC1-49BE-AB71-2D477860A406}"
EndProject
Project("{2150E333-8FDC-42A3-9474-1A3956D46DE8}") = "Data", "Data", "{64D4538E-D9F3-4119-910A-1908DE63615D}"
EndProject
Project("{2150E333-8FDC-42A3-9474-1A3956D46DE8}") = "API", "API", "{5DB82360-52FE-44E4-977C-58D64C4304EA}"
EndProject
Project("{2150E333-8FDC-42A3-9474-1A3956D46DE8}") = "Services", "Services", "{F0DC0218-6BDD-4BF8-869B-1D0574A10067}"
EndProject
Project("{9A19103F-16F7-4668-BE54-9A1E7A4F7556}") = "_build", "..\..\build\_build.csproj", "{BDADFE3F-03E1-4891-AF2D-F8C9B8339EE7}"
EndProject
Project("{2150E333-8FDC-42A3-9474-1A3956D46DE8}") = "Controllers", "Controllers", "{5440EE94-6503-4B77-B3F3-0883F3989121}"
EndProject
Project("{FAE04EC0-301F-11D3-BF4B-00C04F79EFBC}") = "Innkeep.Endpoints", "Innkeep.Endpoints\Innkeep.Endpoints.csproj", "{A41FAFA9-FF38-423F-9E8F-09F7289A6151}"
EndProject
Project("{2150E333-8FDC-42A3-9474-1A3956D46DE8}") = "Ui", "Ui", "{1CB23AAC-5A42-461D-832D-5F94BBD08E1D}"
EndProject
Project("{2150E333-8FDC-42A3-9474-1A3956D46DE8}") = "Client", "Client", "{AA2A8FE3-537F-4EBD-AEE8-37C0EA19CA30}"
EndProject
Project("{FAE04EC0-301F-11D3-BF4B-00C04F79EFBC}") = "Innkeep.Client", "Innkeep.Client\Innkeep.Client.csproj", "{803ADD1A-B72E-4AB8-B4FD-25E90D63B01B}"
EndProject
Project("{2150E333-8FDC-42A3-9474-1A3956D46DE8}") = "Server", "Server", "{BB97250B-9758-4AB2-A4D6-3C539A46C16B}"
EndProject
Project("{FAE04EC0-301F-11D3-BF4B-00C04F79EFBC}") = "Innkeep.Server", "Innkeep.Server\Innkeep.Server.csproj", "{91C71DD8-F706-4479-975A-35B9C4C9CADE}"
EndProject
Project("{FAE04EC0-301F-11D3-BF4B-00C04F79EFBC}") = "Innkeep.Client.Ui", "Innkeep.Client.Ui\Innkeep.Client.Ui.csproj", "{CE8E9B1C-C6F7-44B8-B24F-ABE92E588057}"
EndProject
Project("{FAE04EC0-301F-11D3-BF4B-00C04F79EFBC}") = "Innkeep.Api", "Innkeep.Api\Innkeep.Api.csproj", "{66672701-315A-409C-9511-190C46D8B179}"
EndProject
Project("{FAE04EC0-301F-11D3-BF4B-00C04F79EFBC}") = "Innkeep.Api.Pretix", "Innkeep.Api.Pretix\Innkeep.Api.Pretix.csproj", "{BBD34A4A-C9D4-4F09-AF87-7DF1BA65C422}"
EndProject
Project("{FAE04EC0-301F-11D3-BF4B-00C04F79EFBC}") = "Innkeep.Api.Pretix.Tests", "Innkeep.Api.Pretix.Tests\Innkeep.Api.Pretix.Tests.csproj", "{2200E41E-E545-460B-B432-EBA15D4E1B94}"
EndProject
Project("{FAE04EC0-301F-11D3-BF4B-00C04F79EFBC}") = "Innkeep.Server.Ui", "Innkeep.Server.Ui\Innkeep.Server.Ui.csproj", "{949D0ED5-CB50-4B88-A8D8-2179FBEEB3E6}"
EndProject
Project("{FAE04EC0-301F-11D3-BF4B-00C04F79EFBC}") = "Innkeep.Db.Server", "Innkeep.Db.Server\Innkeep.Db.Server.csproj", "{E08F98A5-AB34-4CD3-9FA6-E6519332FC69}"
EndProject
Project("{FAE04EC0-301F-11D3-BF4B-00C04F79EFBC}") = "Innkeep.Db", "Innkeep.Db\Innkeep.Db.csproj", "{514E0240-9EF8-40B9-9ACC-51A6DD571BDE}"
EndProject
Project("{2150E333-8FDC-42A3-9474-1A3956D46DE8}") = "Startup", "Startup", "{3C298AA5-E5C7-443E-A995-A9871F5E2A0F}"
EndProject
Project("{FAE04EC0-301F-11D3-BF4B-00C04F79EFBC}") = "Innkeep.Startup", "Innkeep.Startup\Innkeep.Startup.csproj", "{41236896-0695-4C6B-AC12-77697815915B}"
EndProject
Project("{FAE04EC0-301F-11D3-BF4B-00C04F79EFBC}") = "Innkeep.Services", "Innkeep.Services\Innkeep.Services.csproj", "{3C0E18DA-B504-4D00-ABE2-A8168F39C7F6}"
EndProject
Project("{FAE04EC0-301F-11D3-BF4B-00C04F79EFBC}") = "Innkeep.Services.Server", "Innkeep.Services.Server\Innkeep.Services.Server.csproj", "{739EC107-1F59-460A-BFB7-94BB1F136CE2}"
EndProject
Project("{FAE04EC0-301F-11D3-BF4B-00C04F79EFBC}") = "Innkeep.Server.Controllers", "Innkeep.Server.Controllers\Innkeep.Server.Controllers.csproj", "{705ADCC0-B0F0-41C6-A3D3-DC565F019A70}"
EndProject
Project("{FAE04EC0-301F-11D3-BF4B-00C04F79EFBC}") = "Innkeep.Services.Client", "Innkeep.Services.Client\Innkeep.Services.Client.csproj", "{351899CB-0BB7-4F7C-B836-C2A94B947C7A}"
EndProject
Project("{FAE04EC0-301F-11D3-BF4B-00C04F79EFBC}") = "Innkeep.Api.Fiskaly", "Innkeep.Api.Fiskaly\Innkeep.Api.Fiskaly.csproj", "{05CBADD2-EDAB-4E84-81CA-C318B3DAE09B}"
EndProject
Project("{FAE04EC0-301F-11D3-BF4B-00C04F79EFBC}") = "Innkeep.Api.Fiskaly.Tests", "Innkeep.Api.Fiskaly.Tests\Innkeep.Api.Fiskaly.Tests.csproj", "{13B7239D-40C7-4830-B4F0-18A00B38BC58}"
EndProject
Project("{FAE04EC0-301F-11D3-BF4B-00C04F79EFBC}") = "Innkeep.Db.Client", "Innkeep.Db.Client\Innkeep.Db.Client.csproj", "{16A7F6D8-4B4F-45AD-8AED-D7CD1DE7F0EE}"
EndProject
Project("{FAE04EC0-301F-11D3-BF4B-00C04F79EFBC}") = "Innkeep.Api.Server", "Innkeep.Api.Server\Innkeep.Api.Server.csproj", "{163E9CE5-8580-4792-B4C7-0CAA9A530793}"
EndProject
Project("{FAE04EC0-301F-11D3-BF4B-00C04F79EFBC}") = "Innkeep.Client.Controllers", "Innkeep.Client.Controllers\Innkeep.Client.Controllers.csproj", "{6C084B02-261F-4412-8A63-5A1BE3B509A9}"
EndProject
Project("{FAE04EC0-301F-11D3-BF4B-00C04F79EFBC}") = "Innkeep.Resources", "Innkeep.Resources\Innkeep.Resources.csproj", "{9FC7D610-E790-47F7-B02A-3D2E10BDEB06}"
EndProject
Global
	GlobalSection(SolutionConfigurationPlatforms) = preSolution
		Debug|Any CPU = Debug|Any CPU
		Release|Any CPU = Release|Any CPU
	EndGlobalSection
	GlobalSection(ProjectConfigurationPlatforms) = postSolution
		{BDADFE3F-03E1-4891-AF2D-F8C9B8339EE7}.Debug|Any CPU.ActiveCfg = Debug|Any CPU
		{BDADFE3F-03E1-4891-AF2D-F8C9B8339EE7}.Release|Any CPU.ActiveCfg = Release|Any CPU
		{F4AFE62B-6D3C-40CD-A191-EFEA3E326826}.Debug|Any CPU.ActiveCfg = Debug|Any CPU
		{F4AFE62B-6D3C-40CD-A191-EFEA3E326826}.Debug|Any CPU.Build.0 = Debug|Any CPU
		{F4AFE62B-6D3C-40CD-A191-EFEA3E326826}.Release|Any CPU.ActiveCfg = Release|Any CPU
		{F4AFE62B-6D3C-40CD-A191-EFEA3E326826}.Release|Any CPU.Build.0 = Release|Any CPU
		{4772204C-5C27-474D-9463-F15408BDD92B}.Debug|Any CPU.ActiveCfg = Debug|Any CPU
		{4772204C-5C27-474D-9463-F15408BDD92B}.Debug|Any CPU.Build.0 = Debug|Any CPU
		{4772204C-5C27-474D-9463-F15408BDD92B}.Release|Any CPU.ActiveCfg = Release|Any CPU
		{4772204C-5C27-474D-9463-F15408BDD92B}.Release|Any CPU.Build.0 = Release|Any CPU
		{EE4F940C-4AC1-49BE-AB71-2D477860A406}.Debug|Any CPU.ActiveCfg = Debug|Any CPU
		{EE4F940C-4AC1-49BE-AB71-2D477860A406}.Debug|Any CPU.Build.0 = Debug|Any CPU
		{EE4F940C-4AC1-49BE-AB71-2D477860A406}.Release|Any CPU.ActiveCfg = Release|Any CPU
		{EE4F940C-4AC1-49BE-AB71-2D477860A406}.Release|Any CPU.Build.0 = Release|Any CPU
		{A41FAFA9-FF38-423F-9E8F-09F7289A6151}.Debug|Any CPU.ActiveCfg = Debug|Any CPU
		{A41FAFA9-FF38-423F-9E8F-09F7289A6151}.Debug|Any CPU.Build.0 = Debug|Any CPU
		{A41FAFA9-FF38-423F-9E8F-09F7289A6151}.Release|Any CPU.ActiveCfg = Release|Any CPU
		{A41FAFA9-FF38-423F-9E8F-09F7289A6151}.Release|Any CPU.Build.0 = Release|Any CPU
		{803ADD1A-B72E-4AB8-B4FD-25E90D63B01B}.Debug|Any CPU.ActiveCfg = Debug|Any CPU
		{803ADD1A-B72E-4AB8-B4FD-25E90D63B01B}.Debug|Any CPU.Build.0 = Debug|Any CPU
		{803ADD1A-B72E-4AB8-B4FD-25E90D63B01B}.Release|Any CPU.ActiveCfg = Release|Any CPU
		{803ADD1A-B72E-4AB8-B4FD-25E90D63B01B}.Release|Any CPU.Build.0 = Release|Any CPU
		{91C71DD8-F706-4479-975A-35B9C4C9CADE}.Debug|Any CPU.ActiveCfg = Debug|Any CPU
		{91C71DD8-F706-4479-975A-35B9C4C9CADE}.Debug|Any CPU.Build.0 = Debug|Any CPU
		{91C71DD8-F706-4479-975A-35B9C4C9CADE}.Release|Any CPU.ActiveCfg = Release|Any CPU
		{91C71DD8-F706-4479-975A-35B9C4C9CADE}.Release|Any CPU.Build.0 = Release|Any CPU
		{CE8E9B1C-C6F7-44B8-B24F-ABE92E588057}.Debug|Any CPU.ActiveCfg = Debug|Any CPU
		{CE8E9B1C-C6F7-44B8-B24F-ABE92E588057}.Debug|Any CPU.Build.0 = Debug|Any CPU
		{CE8E9B1C-C6F7-44B8-B24F-ABE92E588057}.Release|Any CPU.ActiveCfg = Release|Any CPU
		{CE8E9B1C-C6F7-44B8-B24F-ABE92E588057}.Release|Any CPU.Build.0 = Release|Any CPU
		{66672701-315A-409C-9511-190C46D8B179}.Debug|Any CPU.ActiveCfg = Debug|Any CPU
		{66672701-315A-409C-9511-190C46D8B179}.Debug|Any CPU.Build.0 = Debug|Any CPU
		{66672701-315A-409C-9511-190C46D8B179}.Release|Any CPU.ActiveCfg = Release|Any CPU
		{66672701-315A-409C-9511-190C46D8B179}.Release|Any CPU.Build.0 = Release|Any CPU
		{BBD34A4A-C9D4-4F09-AF87-7DF1BA65C422}.Debug|Any CPU.ActiveCfg = Debug|Any CPU
		{BBD34A4A-C9D4-4F09-AF87-7DF1BA65C422}.Debug|Any CPU.Build.0 = Debug|Any CPU
		{BBD34A4A-C9D4-4F09-AF87-7DF1BA65C422}.Release|Any CPU.ActiveCfg = Release|Any CPU
		{BBD34A4A-C9D4-4F09-AF87-7DF1BA65C422}.Release|Any CPU.Build.0 = Release|Any CPU
		{2200E41E-E545-460B-B432-EBA15D4E1B94}.Debug|Any CPU.ActiveCfg = Debug|Any CPU
		{2200E41E-E545-460B-B432-EBA15D4E1B94}.Debug|Any CPU.Build.0 = Debug|Any CPU
		{2200E41E-E545-460B-B432-EBA15D4E1B94}.Release|Any CPU.ActiveCfg = Release|Any CPU
		{2200E41E-E545-460B-B432-EBA15D4E1B94}.Release|Any CPU.Build.0 = Release|Any CPU
		{949D0ED5-CB50-4B88-A8D8-2179FBEEB3E6}.Debug|Any CPU.ActiveCfg = Debug|Any CPU
		{949D0ED5-CB50-4B88-A8D8-2179FBEEB3E6}.Debug|Any CPU.Build.0 = Debug|Any CPU
		{949D0ED5-CB50-4B88-A8D8-2179FBEEB3E6}.Release|Any CPU.ActiveCfg = Release|Any CPU
		{949D0ED5-CB50-4B88-A8D8-2179FBEEB3E6}.Release|Any CPU.Build.0 = Release|Any CPU
		{E08F98A5-AB34-4CD3-9FA6-E6519332FC69}.Debug|Any CPU.ActiveCfg = Debug|Any CPU
		{E08F98A5-AB34-4CD3-9FA6-E6519332FC69}.Debug|Any CPU.Build.0 = Debug|Any CPU
		{E08F98A5-AB34-4CD3-9FA6-E6519332FC69}.Release|Any CPU.ActiveCfg = Release|Any CPU
		{E08F98A5-AB34-4CD3-9FA6-E6519332FC69}.Release|Any CPU.Build.0 = Release|Any CPU
		{514E0240-9EF8-40B9-9ACC-51A6DD571BDE}.Debug|Any CPU.ActiveCfg = Debug|Any CPU
		{514E0240-9EF8-40B9-9ACC-51A6DD571BDE}.Debug|Any CPU.Build.0 = Debug|Any CPU
		{514E0240-9EF8-40B9-9ACC-51A6DD571BDE}.Release|Any CPU.ActiveCfg = Release|Any CPU
		{514E0240-9EF8-40B9-9ACC-51A6DD571BDE}.Release|Any CPU.Build.0 = Release|Any CPU
		{41236896-0695-4C6B-AC12-77697815915B}.Debug|Any CPU.ActiveCfg = Debug|Any CPU
		{41236896-0695-4C6B-AC12-77697815915B}.Debug|Any CPU.Build.0 = Debug|Any CPU
		{41236896-0695-4C6B-AC12-77697815915B}.Release|Any CPU.ActiveCfg = Release|Any CPU
		{41236896-0695-4C6B-AC12-77697815915B}.Release|Any CPU.Build.0 = Release|Any CPU
		{3C0E18DA-B504-4D00-ABE2-A8168F39C7F6}.Debug|Any CPU.ActiveCfg = Debug|Any CPU
		{3C0E18DA-B504-4D00-ABE2-A8168F39C7F6}.Debug|Any CPU.Build.0 = Debug|Any CPU
		{3C0E18DA-B504-4D00-ABE2-A8168F39C7F6}.Release|Any CPU.ActiveCfg = Release|Any CPU
		{3C0E18DA-B504-4D00-ABE2-A8168F39C7F6}.Release|Any CPU.Build.0 = Release|Any CPU
		{739EC107-1F59-460A-BFB7-94BB1F136CE2}.Debug|Any CPU.ActiveCfg = Debug|Any CPU
		{739EC107-1F59-460A-BFB7-94BB1F136CE2}.Debug|Any CPU.Build.0 = Debug|Any CPU
		{739EC107-1F59-460A-BFB7-94BB1F136CE2}.Release|Any CPU.ActiveCfg = Release|Any CPU
		{739EC107-1F59-460A-BFB7-94BB1F136CE2}.Release|Any CPU.Build.0 = Release|Any CPU
		{705ADCC0-B0F0-41C6-A3D3-DC565F019A70}.Debug|Any CPU.ActiveCfg = Debug|Any CPU
		{705ADCC0-B0F0-41C6-A3D3-DC565F019A70}.Debug|Any CPU.Build.0 = Debug|Any CPU
		{705ADCC0-B0F0-41C6-A3D3-DC565F019A70}.Release|Any CPU.ActiveCfg = Release|Any CPU
		{705ADCC0-B0F0-41C6-A3D3-DC565F019A70}.Release|Any CPU.Build.0 = Release|Any CPU
		{351899CB-0BB7-4F7C-B836-C2A94B947C7A}.Debug|Any CPU.ActiveCfg = Debug|Any CPU
		{351899CB-0BB7-4F7C-B836-C2A94B947C7A}.Debug|Any CPU.Build.0 = Debug|Any CPU
		{351899CB-0BB7-4F7C-B836-C2A94B947C7A}.Release|Any CPU.ActiveCfg = Release|Any CPU
		{351899CB-0BB7-4F7C-B836-C2A94B947C7A}.Release|Any CPU.Build.0 = Release|Any CPU
		{05CBADD2-EDAB-4E84-81CA-C318B3DAE09B}.Debug|Any CPU.ActiveCfg = Debug|Any CPU
		{05CBADD2-EDAB-4E84-81CA-C318B3DAE09B}.Debug|Any CPU.Build.0 = Debug|Any CPU
		{05CBADD2-EDAB-4E84-81CA-C318B3DAE09B}.Release|Any CPU.ActiveCfg = Release|Any CPU
		{05CBADD2-EDAB-4E84-81CA-C318B3DAE09B}.Release|Any CPU.Build.0 = Release|Any CPU
		{13B7239D-40C7-4830-B4F0-18A00B38BC58}.Debug|Any CPU.ActiveCfg = Debug|Any CPU
		{13B7239D-40C7-4830-B4F0-18A00B38BC58}.Debug|Any CPU.Build.0 = Debug|Any CPU
		{13B7239D-40C7-4830-B4F0-18A00B38BC58}.Release|Any CPU.ActiveCfg = Release|Any CPU
		{13B7239D-40C7-4830-B4F0-18A00B38BC58}.Release|Any CPU.Build.0 = Release|Any CPU
		{16A7F6D8-4B4F-45AD-8AED-D7CD1DE7F0EE}.Debug|Any CPU.ActiveCfg = Debug|Any CPU
		{16A7F6D8-4B4F-45AD-8AED-D7CD1DE7F0EE}.Debug|Any CPU.Build.0 = Debug|Any CPU
		{16A7F6D8-4B4F-45AD-8AED-D7CD1DE7F0EE}.Release|Any CPU.ActiveCfg = Release|Any CPU
		{16A7F6D8-4B4F-45AD-8AED-D7CD1DE7F0EE}.Release|Any CPU.Build.0 = Release|Any CPU
		{163E9CE5-8580-4792-B4C7-0CAA9A530793}.Debug|Any CPU.ActiveCfg = Debug|Any CPU
		{163E9CE5-8580-4792-B4C7-0CAA9A530793}.Debug|Any CPU.Build.0 = Debug|Any CPU
		{163E9CE5-8580-4792-B4C7-0CAA9A530793}.Release|Any CPU.ActiveCfg = Release|Any CPU
		{163E9CE5-8580-4792-B4C7-0CAA9A530793}.Release|Any CPU.Build.0 = Release|Any CPU
		{6C084B02-261F-4412-8A63-5A1BE3B509A9}.Debug|Any CPU.ActiveCfg = Debug|Any CPU
		{6C084B02-261F-4412-8A63-5A1BE3B509A9}.Debug|Any CPU.Build.0 = Debug|Any CPU
		{6C084B02-261F-4412-8A63-5A1BE3B509A9}.Release|Any CPU.ActiveCfg = Release|Any CPU
		{6C084B02-261F-4412-8A63-5A1BE3B509A9}.Release|Any CPU.Build.0 = Release|Any CPU
		{9FC7D610-E790-47F7-B02A-3D2E10BDEB06}.Debug|Any CPU.ActiveCfg = Debug|Any CPU
		{9FC7D610-E790-47F7-B02A-3D2E10BDEB06}.Debug|Any CPU.Build.0 = Debug|Any CPU
		{9FC7D610-E790-47F7-B02A-3D2E10BDEB06}.Release|Any CPU.ActiveCfg = Release|Any CPU
		{9FC7D610-E790-47F7-B02A-3D2E10BDEB06}.Release|Any CPU.Build.0 = Release|Any CPU
	EndGlobalSection
	GlobalSection(NestedProjects) = preSolution
		{EE4F940C-4AC1-49BE-AB71-2D477860A406} = {385CCCCE-639D-431D-8CAF-0BCE68129303}
		{A41FAFA9-FF38-423F-9E8F-09F7289A6151} = {5DB82360-52FE-44E4-977C-58D64C4304EA}
		{AA2A8FE3-537F-4EBD-AEE8-37C0EA19CA30} = {1CB23AAC-5A42-461D-832D-5F94BBD08E1D}
		{803ADD1A-B72E-4AB8-B4FD-25E90D63B01B} = {AA2A8FE3-537F-4EBD-AEE8-37C0EA19CA30}
		{BB97250B-9758-4AB2-A4D6-3C539A46C16B} = {1CB23AAC-5A42-461D-832D-5F94BBD08E1D}
		{91C71DD8-F706-4479-975A-35B9C4C9CADE} = {BB97250B-9758-4AB2-A4D6-3C539A46C16B}
		{CE8E9B1C-C6F7-44B8-B24F-ABE92E588057} = {AA2A8FE3-537F-4EBD-AEE8-37C0EA19CA30}
		{66672701-315A-409C-9511-190C46D8B179} = {5DB82360-52FE-44E4-977C-58D64C4304EA}
		{BBD34A4A-C9D4-4F09-AF87-7DF1BA65C422} = {5DB82360-52FE-44E4-977C-58D64C4304EA}
		{2200E41E-E545-460B-B432-EBA15D4E1B94} = {385CCCCE-639D-431D-8CAF-0BCE68129303}
		{949D0ED5-CB50-4B88-A8D8-2179FBEEB3E6} = {BB97250B-9758-4AB2-A4D6-3C539A46C16B}
		{E08F98A5-AB34-4CD3-9FA6-E6519332FC69} = {64D4538E-D9F3-4119-910A-1908DE63615D}
		{514E0240-9EF8-40B9-9ACC-51A6DD571BDE} = {64D4538E-D9F3-4119-910A-1908DE63615D}
		{41236896-0695-4C6B-AC12-77697815915B} = {3C298AA5-E5C7-443E-A995-A9871F5E2A0F}
		{3C0E18DA-B504-4D00-ABE2-A8168F39C7F6} = {F0DC0218-6BDD-4BF8-869B-1D0574A10067}
		{739EC107-1F59-460A-BFB7-94BB1F136CE2} = {F0DC0218-6BDD-4BF8-869B-1D0574A10067}
		{705ADCC0-B0F0-41C6-A3D3-DC565F019A70} = {5440EE94-6503-4B77-B3F3-0883F3989121}
		{351899CB-0BB7-4F7C-B836-C2A94B947C7A} = {F0DC0218-6BDD-4BF8-869B-1D0574A10067}
		{05CBADD2-EDAB-4E84-81CA-C318B3DAE09B} = {5DB82360-52FE-44E4-977C-58D64C4304EA}
		{13B7239D-40C7-4830-B4F0-18A00B38BC58} = {385CCCCE-639D-431D-8CAF-0BCE68129303}
		{16A7F6D8-4B4F-45AD-8AED-D7CD1DE7F0EE} = {64D4538E-D9F3-4119-910A-1908DE63615D}
		{163E9CE5-8580-4792-B4C7-0CAA9A530793} = {5DB82360-52FE-44E4-977C-58D64C4304EA}
		{6C084B02-261F-4412-8A63-5A1BE3B509A9} = {5440EE94-6503-4B77-B3F3-0883F3989121}
		{9FC7D610-E790-47F7-B02A-3D2E10BDEB06} = {1CB23AAC-5A42-461D-832D-5F94BBD08E1D}
	EndGlobalSection
EndGlobal
